
Microsoft Visual Studio Solution File, Format Version 12.00
# Visual Studio Version 17
VisualStudioVersion = 17.9.34714.143
MinimumVisualStudioVersion = 10.0.40219.1
Project("{9A19103F-16F7-4668-BE54-9A1E7A4F7556}") = "IPC.Web", "IPC.Web\IPC.Web.csproj", "{F0E87DB4-D7C1-4862-BF78-48EABF5E191E}"
EndProject
Project("{2150E333-8FDC-42A3-9474-1A3956D46DE8}") = "TestDemo", "TestDemo", "{8247CA06-A2CD-4D78-8E11-FA5913134EFA}"
EndProject
Project("{9A19103F-16F7-4668-BE54-9A1E7A4F7556}") = "EFCoreDemo", "EFCoreDemo\EFCoreDemo.csproj", "{D6A79CF2-FC18-4AA8-905A-4631BE6B98C2}"
EndProject
Project("{9A19103F-16F7-4668-BE54-9A1E7A4F7556}") = "DataDictionaryExport", "DataDictionaryExport\DataDictionaryExport.csproj", "{20FED6AB-CF21-4C9E-A033-98952E5B491C}"
EndProject
Project("{9A19103F-16F7-4668-BE54-9A1E7A4F7556}") = "ConsoleApp1", "ConsoleApp1\ConsoleApp1.csproj", "{7F895468-A46B-4011-B57D-DA1DA42F5769}"
EndProject
Project("{2150E333-8FDC-42A3-9474-1A3956D46DE8}") = "IPC", "IPC", "{BEC19279-AFF5-4A78-988F-DB8D4215BECF}"
EndProject
Project("{9A19103F-16F7-4668-BE54-9A1E7A4F7556}") = "IPC.Service", "IPC.Service\IPC.Service.csproj", "{ADF9E56C-DA51-4BC9-BC65-5218B23DA826}"
EndProject
Project("{2150E333-8FDC-42A3-9474-1A3956D46DE8}") = "DataAccess", "DataAccess", "{A14A78E0-42B2-4AAC-9594-5378E6BD376F}"
EndProject
Project("{2150E333-8FDC-42A3-9474-1A3956D46DE8}") = "Model", "Model", "{2C3F8E3E-154A-4494-B521-777EB18A5F32}"
EndProject
Project("{9A19103F-16F7-4668-BE54-9A1E7A4F7556}") = "IPC.xUnitTest", "IPC.xUnitTest\IPC.xUnitTest.csproj", "{D0DB6995-8A7B-4415-9AC0-821E7ABAF20B}"
EndProject
Project("{9A19103F-16F7-4668-BE54-9A1E7A4F7556}") = "IPC.Model.Entity", "IPC.Model.Entity\IPC.Model.Entity.csproj", "{564416C5-D3F7-4D15-8581-E84445118260}"
EndProject
Project("{9A19103F-16F7-4668-BE54-9A1E7A4F7556}") = "IPC.Model.DTO", "IPC.Model.DTO\IPC.Model.DTO.csproj", "{9367E275-5B15-4429-BFD0-FDDECD26A935}"
EndProject
Project("{9A19103F-16F7-4668-BE54-9A1E7A4F7556}") = "IPC.Model.ViewModel", "IPC.Model.ViewModel\IPC.Model.ViewModel.csproj", "{212E658A-A315-4334-A018-1F9EE6F11052}"
EndProject
Project("{9A19103F-16F7-4668-BE54-9A1E7A4F7556}") = "IPC.DataAccess.Oracle", "IPC.DataAccess.Oracle\IPC.DataAccess.Oracle.csproj", "{12339D73-7E63-42DF-AFF5-0010CF02CF59}"
EndProject
Project("{9A19103F-16F7-4668-BE54-9A1E7A4F7556}") = "IPC.DataAccess.Sqlite", "IPC.DataAccess.Sqlite\IPC.DataAccess.Sqlite.csproj", "{BBAD64D7-F670-4962-92BC-16D57A87DED2}"
EndProject
Project("{9A19103F-16F7-4668-BE54-9A1E7A4F7556}") = "IPC.DataAccess", "IPC.DataAccess\IPC.DataAccess.csproj", "{0123A971-66ED-40C4-BB7A-9830E974A5E5}"
EndProject
Project("{9A19103F-16F7-4668-BE54-9A1E7A4F7556}") = "IPC.Common", "IPC.Common\IPC.Common.csproj", "{2C4854A8-7CCC-45ED-B28C-FF91B54CA86A}"
EndProject
Global
	GlobalSection(SolutionConfigurationPlatforms) = preSolution
		Debug|Any CPU = Debug|Any CPU
		Release|Any CPU = Release|Any CPU
	EndGlobalSection
	GlobalSection(ProjectConfigurationPlatforms) = postSolution
		{F0E87DB4-D7C1-4862-BF78-48EABF5E191E}.Debug|Any CPU.ActiveCfg = Debug|Any CPU
		{F0E87DB4-D7C1-4862-BF78-48EABF5E191E}.Debug|Any CPU.Build.0 = Debug|Any CPU
		{F0E87DB4-D7C1-4862-BF78-48EABF5E191E}.Release|Any CPU.ActiveCfg = Release|Any CPU
		{F0E87DB4-D7C1-4862-BF78-48EABF5E191E}.Release|Any CPU.Build.0 = Release|Any CPU
		{D6A79CF2-FC18-4AA8-905A-4631BE6B98C2}.Debug|Any CPU.ActiveCfg = Debug|Any CPU
		{D6A79CF2-FC18-4AA8-905A-4631BE6B98C2}.Debug|Any CPU.Build.0 = Debug|Any CPU
		{D6A79CF2-FC18-4AA8-905A-4631BE6B98C2}.Release|Any CPU.ActiveCfg = Release|Any CPU
		{D6A79CF2-FC18-4AA8-905A-4631BE6B98C2}.Release|Any CPU.Build.0 = Release|Any CPU
		{20FED6AB-CF21-4C9E-A033-98952E5B491C}.Debug|Any CPU.ActiveCfg = Debug|Any CPU
		{20FED6AB-CF21-4C9E-A033-98952E5B491C}.Debug|Any CPU.Build.0 = Debug|Any CPU
		{20FED6AB-CF21-4C9E-A033-98952E5B491C}.Release|Any CPU.ActiveCfg = Release|Any CPU
		{20FED6AB-CF21-4C9E-A033-98952E5B491C}.Release|Any CPU.Build.0 = Release|Any CPU
		{7F895468-A46B-4011-B57D-DA1DA42F5769}.Debug|Any CPU.ActiveCfg = Debug|Any CPU
		{7F895468-A46B-4011-B57D-DA1DA42F5769}.Debug|Any CPU.Build.0 = Debug|Any CPU
		{7F895468-A46B-4011-B57D-DA1DA42F5769}.Release|Any CPU.ActiveCfg = Release|Any CPU
		{7F895468-A46B-4011-B57D-DA1DA42F5769}.Release|Any CPU.Build.0 = Release|Any CPU
		{ADF9E56C-DA51-4BC9-BC65-5218B23DA826}.Debug|Any CPU.ActiveCfg = Debug|Any CPU
		{ADF9E56C-DA51-4BC9-BC65-5218B23DA826}.Debug|Any CPU.Build.0 = Debug|Any CPU
		{ADF9E56C-DA51-4BC9-BC65-5218B23DA826}.Release|Any CPU.ActiveCfg = Release|Any CPU
		{ADF9E56C-DA51-4BC9-BC65-5218B23DA826}.Release|Any CPU.Build.0 = Release|Any CPU
		{D0DB6995-8A7B-4415-9AC0-821E7ABAF20B}.Debug|Any CPU.ActiveCfg = Debug|Any CPU
		{D0DB6995-8A7B-4415-9AC0-821E7ABAF20B}.Debug|Any CPU.Build.0 = Debug|Any CPU
		{D0DB6995-8A7B-4415-9AC0-821E7ABAF20B}.Release|Any CPU.ActiveCfg = Release|Any CPU
		{D0DB6995-8A7B-4415-9AC0-821E7ABAF20B}.Release|Any CPU.Build.0 = Release|Any CPU
		{564416C5-D3F7-4D15-8581-E84445118260}.Debug|Any CPU.ActiveCfg = Debug|Any CPU
		{564416C5-D3F7-4D15-8581-E84445118260}.Debug|Any CPU.Build.0 = Debug|Any CPU
		{564416C5-D3F7-4D15-8581-E84445118260}.Release|Any CPU.ActiveCfg = Release|Any CPU
		{564416C5-D3F7-4D15-8581-E84445118260}.Release|Any CPU.Build.0 = Release|Any CPU
		{9367E275-5B15-4429-BFD0-FDDECD26A935}.Debug|Any CPU.ActiveCfg = Debug|Any CPU
		{9367E275-5B15-4429-BFD0-FDDECD26A935}.Debug|Any CPU.Build.0 = Debug|Any CPU
		{9367E275-5B15-4429-BFD0-FDDECD26A935}.Release|Any CPU.ActiveCfg = Release|Any CPU
		{9367E275-5B15-4429-BFD0-FDDECD26A935}.Release|Any CPU.Build.0 = Release|Any CPU
		{212E658A-A315-4334-A018-1F9EE6F11052}.Debug|Any CPU.ActiveCfg = Debug|Any CPU
		{212E658A-A315-4334-A018-1F9EE6F11052}.Debug|Any CPU.Build.0 = Debug|Any CPU
		{212E658A-A315-4334-A018-1F9EE6F11052}.Release|Any CPU.ActiveCfg = Release|Any CPU
		{212E658A-A315-4334-A018-1F9EE6F11052}.Release|Any CPU.Build.0 = Release|Any CPU
		{12339D73-7E63-42DF-AFF5-0010CF02CF59}.Debug|Any CPU.ActiveCfg = Debug|Any CPU
		{12339D73-7E63-42DF-AFF5-0010CF02CF59}.Debug|Any CPU.Build.0 = Debug|Any CPU
		{12339D73-7E63-42DF-AFF5-0010CF02CF59}.Release|Any CPU.ActiveCfg = Release|Any CPU
		{12339D73-7E63-42DF-AFF5-0010CF02CF59}.Release|Any CPU.Build.0 = Release|Any CPU
		{BBAD64D7-F670-4962-92BC-16D57A87DED2}.Debug|Any CPU.ActiveCfg = Debug|Any CPU
		{BBAD64D7-F670-4962-92BC-16D57A87DED2}.Debug|Any CPU.Build.0 = Debug|Any CPU
		{BBAD64D7-F670-4962-92BC-16D57A87DED2}.Release|Any CPU.ActiveCfg = Release|Any CPU
		{BBAD64D7-F670-4962-92BC-16D57A87DED2}.Release|Any CPU.Build.0 = Release|Any CPU
		{0123A971-66ED-40C4-BB7A-9830E974A5E5}.Debug|Any CPU.ActiveCfg = Debug|Any CPU
		{0123A971-66ED-40C4-BB7A-9830E974A5E5}.Debug|Any CPU.Build.0 = Debug|Any CPU
		{0123A971-66ED-40C4-BB7A-9830E974A5E5}.Release|Any CPU.ActiveCfg = Release|Any CPU
		{0123A971-66ED-40C4-BB7A-9830E974A5E5}.Release|Any CPU.Build.0 = Release|Any CPU
		{2C4854A8-7CCC-45ED-B28C-FF91B54CA86A}.Debug|Any CPU.ActiveCfg = Debug|Any CPU
		{2C4854A8-7CCC-45ED-B28C-FF91B54CA86A}.Debug|Any CPU.Build.0 = Debug|Any CPU
		{2C4854A8-7CCC-45ED-B28C-FF91B54CA86A}.Release|Any CPU.ActiveCfg = Release|Any CPU
		{2C4854A8-7CCC-45ED-B28C-FF91B54CA86A}.Release|Any CPU.Build.0 = Release|Any CPU
	EndGlobalSection
	GlobalSection(SolutionProperties) = preSolution
		HideSolutionNode = FALSE
	EndGlobalSection
	GlobalSection(NestedProjects) = preSolution
		{F0E87DB4-D7C1-4862-BF78-48EABF5E191E} = {BEC19279-AFF5-4A78-988F-DB8D4215BECF}
		{D6A79CF2-FC18-4AA8-905A-4631BE6B98C2} = {8247CA06-A2CD-4D78-8E11-FA5913134EFA}
		{20FED6AB-CF21-4C9E-A033-98952E5B491C} = {8247CA06-A2CD-4D78-8E11-FA5913134EFA}
		{7F895468-A46B-4011-B57D-DA1DA42F5769} = {8247CA06-A2CD-4D78-8E11-FA5913134EFA}
		{ADF9E56C-DA51-4BC9-BC65-5218B23DA826} = {BEC19279-AFF5-4A78-988F-DB8D4215BECF}
		{A14A78E0-42B2-4AAC-9594-5378E6BD376F} = {BEC19279-AFF5-4A78-988F-DB8D4215BECF}
		{2C3F8E3E-154A-4494-B521-777EB18A5F32} = {BEC19279-AFF5-4A78-988F-DB8D4215BECF}
		{D0DB6995-8A7B-4415-9AC0-821E7ABAF20B} = {BEC19279-AFF5-4A78-988F-DB8D4215BECF}
		{564416C5-D3F7-4D15-8581-E84445118260} = {2C3F8E3E-154A-4494-B521-777EB18A5F32}
		{9367E275-5B15-4429-BFD0-FDDECD26A935} = {2C3F8E3E-154A-4494-B521-777EB18A5F32}
		{212E658A-A315-4334-A018-1F9EE6F11052} = {2C3F8E3E-154A-4494-B521-777EB18A5F32}
		{12339D73-7E63-42DF-AFF5-0010CF02CF59} = {A14A78E0-42B2-4AAC-9594-5378E6BD376F}
		{BBAD64D7-F670-4962-92BC-16D57A87DED2} = {A14A78E0-42B2-4AAC-9594-5378E6BD376F}
		{0123A971-66ED-40C4-BB7A-9830E974A5E5} = {A14A78E0-42B2-4AAC-9594-5378E6BD376F}
		{2C4854A8-7CCC-45ED-B28C-FF91B54CA86A} = {BEC19279-AFF5-4A78-988F-DB8D4215BECF}
	EndGlobalSection
	GlobalSection(ExtensibilityGlobals) = postSolution
		SolutionGuid = {3523194B-EC11-4B6F-B6D4-151F15D77144}
	EndGlobalSection
EndGlobal
