
Microsoft Visual Studio Solution File, Format Version 12.00
# Visual Studio Version 17
VisualStudioVersion = 17.9.34714.143
MinimumVisualStudioVersion = 10.0.40219.1
Project("{2150E333-8FDC-42A3-9474-1A3956D46DE8}") = "TestDemo", "TestDemo", "{8247CA06-A2CD-4D78-8E11-FA5913134EFA}"
EndProject
Project("{9A19103F-16F7-4668-BE54-9A1E7A4F7556}") = "EFCoreDemo", "EFCoreDemo\EFCoreDemo.csproj", "{D6A79CF2-FC18-4AA8-905A-4631BE6B98C2}"
EndProject
Project("{9A19103F-16F7-4668-BE54-9A1E7A4F7556}") = "DataDictionaryExport", "DataDictionaryExport\DataDictionaryExport.csproj", "{20FED6AB-CF21-4C9E-A033-98952E5B491C}"
EndProject
Project("{9A19103F-16F7-4668-BE54-9A1E7A4F7556}") = "ConsoleApp1", "ConsoleApp1\ConsoleApp1.csproj", "{7F895468-A46B-4011-B57D-DA1DA42F5769}"
EndProject
Project("{9A19103F-16F7-4668-BE54-9A1E7A4F7556}") = "ApiDemo", "ApiDemo\ApiDemo.csproj", "{C74BE6A7-1206-40D6-B5AA-F72481334AD2}"
EndProject
Project("{9A19103F-16F7-4668-BE54-9A1E7A4F7556}") = "BooksEFCore", "BooksEFCore\BooksEFCore.csproj", "{70C5A556-73C0-4B59-A307-751D88E4AFAA}"
EndProject
Project("{2150E333-8FDC-42A3-9474-1A3956D46DE8}") = "EFCore", "EFCore", "{E3879936-E1D4-4930-AFCC-CA3209B8B380}"
EndProject
Project("{9A19103F-16F7-4668-BE54-9A1E7A4F7556}") = "MiddlewareDemo", "MiddlewareDemo\MiddlewareDemo.csproj", "{E41C428A-7417-4126-B160-31CB224A6B84}"
EndProject
Project("{9A19103F-16F7-4668-BE54-9A1E7A4F7556}") = "DDDDemo", "DDDDemo\DDDDemo.csproj", "{DCDF3D52-2CB4-46B4-91D3-99AB70BFE01F}"
EndProject
Project("{2150E333-8FDC-42A3-9474-1A3956D46DE8}") = "Rabbitmq", "Rabbitmq", "{48FBB941-4B0E-4EDB-B952-26E32C86E16A}"
EndProject
Project("{FAE04EC0-301F-11D3-BF4B-00C04F79EFBC}") = "EventBus.Consumer", "Rabbitmq\EventBus.Consumer\EventBus.Consumer.csproj", "{35CE404B-EAA4-4A7E-A0E9-EBE378E62F0A}"
EndProject
Project("{9A19103F-16F7-4668-BE54-9A1E7A4F7556}") = "RabbitMQ.Product", "Rabbitmq\RabbitMQ.Product\RabbitMQ.Product.csproj", "{3471AB62-7AEF-4D84-A2D8-27B133B5F5F2}"
EndProject
Project("{9A19103F-16F7-4668-BE54-9A1E7A4F7556}") = "RabbitMQ.Consumer", "Rabbitmq\RabbitMQ.Consumer\RabbitMQ.Consumer.csproj", "{82958517-4574-4704-AEFA-38A48E41E649}"
EndProject
Project("{9A19103F-16F7-4668-BE54-9A1E7A4F7556}") = "EventBus.Publish", "Rabbitmq\EventBus.Publish\EventBus.Publish.csproj", "{AD194EFE-88CB-467D-B86C-7CD8FEC978A2}"
EndProject
Global
	GlobalSection(SolutionConfigurationPlatforms) = preSolution
		Debug|Any CPU = Debug|Any CPU
		Release|Any CPU = Release|Any CPU
	EndGlobalSection
	GlobalSection(ProjectConfigurationPlatforms) = postSolution
		{D6A79CF2-FC18-4AA8-905A-4631BE6B98C2}.Debug|Any CPU.ActiveCfg = Debug|Any CPU
		{D6A79CF2-FC18-4AA8-905A-4631BE6B98C2}.Debug|Any CPU.Build.0 = Debug|Any CPU
		{D6A79CF2-FC18-4AA8-905A-4631BE6B98C2}.Release|Any CPU.ActiveCfg = Release|Any CPU
		{D6A79CF2-FC18-4AA8-905A-4631BE6B98C2}.Release|Any CPU.Build.0 = Release|Any CPU
		{20FED6AB-CF21-4C9E-A033-98952E5B491C}.Debug|Any CPU.ActiveCfg = Debug|Any CPU
		{20FED6AB-CF21-4C9E-A033-98952E5B491C}.Debug|Any CPU.Build.0 = Debug|Any CPU
		{20FED6AB-CF21-4C9E-A033-98952E5B491C}.Release|Any CPU.ActiveCfg = Release|Any CPU
		{20FED6AB-CF21-4C9E-A033-98952E5B491C}.Release|Any CPU.Build.0 = Release|Any CPU
		{7F895468-A46B-4011-B57D-DA1DA42F5769}.Debug|Any CPU.ActiveCfg = Debug|Any CPU
		{7F895468-A46B-4011-B57D-DA1DA42F5769}.Debug|Any CPU.Build.0 = Debug|Any CPU
		{7F895468-A46B-4011-B57D-DA1DA42F5769}.Release|Any CPU.ActiveCfg = Release|Any CPU
		{7F895468-A46B-4011-B57D-DA1DA42F5769}.Release|Any CPU.Build.0 = Release|Any CPU
		{C74BE6A7-1206-40D6-B5AA-F72481334AD2}.Debug|Any CPU.ActiveCfg = Debug|Any CPU
		{C74BE6A7-1206-40D6-B5AA-F72481334AD2}.Debug|Any CPU.Build.0 = Debug|Any CPU
		{C74BE6A7-1206-40D6-B5AA-F72481334AD2}.Release|Any CPU.ActiveCfg = Release|Any CPU
		{C74BE6A7-1206-40D6-B5AA-F72481334AD2}.Release|Any CPU.Build.0 = Release|Any CPU
		{70C5A556-73C0-4B59-A307-751D88E4AFAA}.Debug|Any CPU.ActiveCfg = Debug|Any CPU
		{70C5A556-73C0-4B59-A307-751D88E4AFAA}.Debug|Any CPU.Build.0 = Debug|Any CPU
		{70C5A556-73C0-4B59-A307-751D88E4AFAA}.Release|Any CPU.ActiveCfg = Release|Any CPU
		{70C5A556-73C0-4B59-A307-751D88E4AFAA}.Release|Any CPU.Build.0 = Release|Any CPU
		{E41C428A-7417-4126-B160-31CB224A6B84}.Debug|Any CPU.ActiveCfg = Debug|Any CPU
		{E41C428A-7417-4126-B160-31CB224A6B84}.Debug|Any CPU.Build.0 = Debug|Any CPU
		{E41C428A-7417-4126-B160-31CB224A6B84}.Release|Any CPU.ActiveCfg = Release|Any CPU
		{E41C428A-7417-4126-B160-31CB224A6B84}.Release|Any CPU.Build.0 = Release|Any CPU
		{DCDF3D52-2CB4-46B4-91D3-99AB70BFE01F}.Debug|Any CPU.ActiveCfg = Debug|Any CPU
		{DCDF3D52-2CB4-46B4-91D3-99AB70BFE01F}.Debug|Any CPU.Build.0 = Debug|Any CPU
		{DCDF3D52-2CB4-46B4-91D3-99AB70BFE01F}.Release|Any CPU.ActiveCfg = Release|Any CPU
		{DCDF3D52-2CB4-46B4-91D3-99AB70BFE01F}.Release|Any CPU.Build.0 = Release|Any CPU
		{35CE404B-EAA4-4A7E-A0E9-EBE378E62F0A}.Debug|Any CPU.ActiveCfg = Debug|Any CPU
		{35CE404B-EAA4-4A7E-A0E9-EBE378E62F0A}.Debug|Any CPU.Build.0 = Debug|Any CPU
		{35CE404B-EAA4-4A7E-A0E9-EBE378E62F0A}.Release|Any CPU.ActiveCfg = Release|Any CPU
		{35CE404B-EAA4-4A7E-A0E9-EBE378E62F0A}.Release|Any CPU.Build.0 = Release|Any CPU
		{3471AB62-7AEF-4D84-A2D8-27B133B5F5F2}.Debug|Any CPU.ActiveCfg = Debug|Any CPU
		{3471AB62-7AEF-4D84-A2D8-27B133B5F5F2}.Debug|Any CPU.Build.0 = Debug|Any CPU
		{3471AB62-7AEF-4D84-A2D8-27B133B5F5F2}.Release|Any CPU.ActiveCfg = Release|Any CPU
		{3471AB62-7AEF-4D84-A2D8-27B133B5F5F2}.Release|Any CPU.Build.0 = Release|Any CPU
		{82958517-4574-4704-AEFA-38A48E41E649}.Debug|Any CPU.ActiveCfg = Debug|Any CPU
		{82958517-4574-4704-AEFA-38A48E41E649}.Debug|Any CPU.Build.0 = Debug|Any CPU
		{82958517-4574-4704-AEFA-38A48E41E649}.Release|Any CPU.ActiveCfg = Release|Any CPU
		{82958517-4574-4704-AEFA-38A48E41E649}.Release|Any CPU.Build.0 = Release|Any CPU
		{AD194EFE-88CB-467D-B86C-7CD8FEC978A2}.Debug|Any CPU.ActiveCfg = Debug|Any CPU
		{AD194EFE-88CB-467D-B86C-7CD8FEC978A2}.Debug|Any CPU.Build.0 = Debug|Any CPU
		{AD194EFE-88CB-467D-B86C-7CD8FEC978A2}.Release|Any CPU.ActiveCfg = Release|Any CPU
		{AD194EFE-88CB-467D-B86C-7CD8FEC978A2}.Release|Any CPU.Build.0 = Release|Any CPU
	EndGlobalSection
	GlobalSection(SolutionProperties) = preSolution
		HideSolutionNode = FALSE
	EndGlobalSection
	GlobalSection(NestedProjects) = preSolution
		{D6A79CF2-FC18-4AA8-905A-4631BE6B98C2} = {E3879936-E1D4-4930-AFCC-CA3209B8B380}
		{20FED6AB-CF21-4C9E-A033-98952E5B491C} = {8247CA06-A2CD-4D78-8E11-FA5913134EFA}
		{7F895468-A46B-4011-B57D-DA1DA42F5769} = {8247CA06-A2CD-4D78-8E11-FA5913134EFA}
		{C74BE6A7-1206-40D6-B5AA-F72481334AD2} = {8247CA06-A2CD-4D78-8E11-FA5913134EFA}
		{70C5A556-73C0-4B59-A307-751D88E4AFAA} = {E3879936-E1D4-4930-AFCC-CA3209B8B380}
		{E41C428A-7417-4126-B160-31CB224A6B84} = {8247CA06-A2CD-4D78-8E11-FA5913134EFA}
		{DCDF3D52-2CB4-46B4-91D3-99AB70BFE01F} = {8247CA06-A2CD-4D78-8E11-FA5913134EFA}
		{35CE404B-EAA4-4A7E-A0E9-EBE378E62F0A} = {48FBB941-4B0E-4EDB-B952-26E32C86E16A}
		{3471AB62-7AEF-4D84-A2D8-27B133B5F5F2} = {48FBB941-4B0E-4EDB-B952-26E32C86E16A}
		{82958517-4574-4704-AEFA-38A48E41E649} = {48FBB941-4B0E-4EDB-B952-26E32C86E16A}
		{AD194EFE-88CB-467D-B86C-7CD8FEC978A2} = {48FBB941-4B0E-4EDB-B952-26E32C86E16A}
	EndGlobalSection
	GlobalSection(ExtensibilityGlobals) = postSolution
		SolutionGuid = {3523194B-EC11-4B6F-B6D4-151F15D77144}
	EndGlobalSection
EndGlobal
