
Microsoft Visual Studio Solution File, Format Version 12.00
# Visual Studio Version 17
VisualStudioVersion = 17.9.34714.143
MinimumVisualStudioVersion = 10.0.40219.1
Project("{9A19103F-16F7-4668-BE54-9A1E7A4F7556}") = "IPC.Web", "IPC.Web\IPC.Web.csproj", "{F0E87DB4-D7C1-4862-BF78-48EABF5E191E}"
EndProject
Project("{2150E333-8FDC-42A3-9474-1A3956D46DE8}") = "TestDemo", "TestDemo", "{8247CA06-A2CD-4D78-8E11-FA5913134EFA}"
EndProject
Project("{FAE04EC0-301F-11D3-BF4B-00C04F79EFBC}") = "EFCoreDemo", "EFCoreDemo\EFCoreDemo.csproj", "{D6A79CF2-FC18-4AA8-905A-4631BE6B98C2}"
EndProject
Global
	GlobalSection(SolutionConfigurationPlatforms) = preSolution
		Debug|Any CPU = Debug|Any CPU
		Release|Any CPU = Release|Any CPU
	EndGlobalSection
	GlobalSection(ProjectConfigurationPlatforms) = postSolution
		{F0E87DB4-D7C1-4862-BF78-48EABF5E191E}.Debug|Any CPU.ActiveCfg = Debug|Any CPU
		{F0E87DB4-D7C1-4862-BF78-48EABF5E191E}.Debug|Any CPU.Build.0 = Debug|Any CPU
		{F0E87DB4-D7C1-4862-BF78-48EABF5E191E}.Release|Any CPU.ActiveCfg = Release|Any CPU
		{F0E87DB4-D7C1-4862-BF78-48EABF5E191E}.Release|Any CPU.Build.0 = Release|Any CPU
		{D6A79CF2-FC18-4AA8-905A-4631BE6B98C2}.Debug|Any CPU.ActiveCfg = Debug|Any CPU
		{D6A79CF2-FC18-4AA8-905A-4631BE6B98C2}.Debug|Any CPU.Build.0 = Debug|Any CPU
		{D6A79CF2-FC18-4AA8-905A-4631BE6B98C2}.Release|Any CPU.ActiveCfg = Release|Any CPU
		{D6A79CF2-FC18-4AA8-905A-4631BE6B98C2}.Release|Any CPU.Build.0 = Release|Any CPU
	EndGlobalSection
	GlobalSection(SolutionProperties) = preSolution
		HideSolutionNode = FALSE
	EndGlobalSection
	GlobalSection(NestedProjects) = preSolution
		{D6A79CF2-FC18-4AA8-905A-4631BE6B98C2} = {8247CA06-A2CD-4D78-8E11-FA5913134EFA}
	EndGlobalSection
	GlobalSection(ExtensibilityGlobals) = postSolution
		SolutionGuid = {3523194B-EC11-4B6F-B6D4-151F15D77144}
	EndGlobalSection
EndGlobal
